
Microsoft Visual Studio Solution File, Format Version 12.00
# Visual Studio Version 17
VisualStudioVersion = 17.5.33414.496
MinimumVisualStudioVersion = 10.0.40219.1
Project("{FAE04EC0-301F-11D3-BF4B-00C04F79EFBC}") = "EPAM Project", "EPAM Project\EPAM Project.csproj", "{26FDD153-5A2C-437D-B115-1027A0EB7828}"
EndProject
Global
	GlobalSection(SolutionConfigurationPlatforms) = preSolution
		Debug|Any CPU = Debug|Any CPU
		Release|Any CPU = Release|Any CPU
	EndGlobalSection
	GlobalSection(ProjectConfigurationPlatforms) = postSolution
		{26FDD153-5A2C-437D-B115-1027A0EB7828}.Debug|Any CPU.ActiveCfg = Debug|Any CPU
		{26FDD153-5A2C-437D-B115-1027A0EB7828}.Debug|Any CPU.Build.0 = Debug|Any CPU
		{26FDD153-5A2C-437D-B115-1027A0EB7828}.Release|Any CPU.ActiveCfg = Release|Any CPU
		{26FDD153-5A2C-437D-B115-1027A0EB7828}.Release|Any CPU.Build.0 = Release|Any CPU
	EndGlobalSection
	GlobalSection(SolutionProperties) = preSolution
		HideSolutionNode = FALSE
	EndGlobalSection
	GlobalSection(ExtensibilityGlobals) = postSolution
		SolutionGuid = {8A054047-086F-4BE4-B44E-5768BB629238}
	EndGlobalSection
EndGlobal
